{
  "nodes": {
    "agenix": {
      "inputs": {
        "darwin": [
          "wiplib",
          "nixpkgs"
        ],
        "home-manager": [
          "wiplib",
          "nixpkgs"
        ],
        "nixpkgs": [
          "wiplib",
          "nixpkgs"
        ],
        "systems": "systems"
      },
      "locked": {
        "lastModified": 1736955230,
        "narHash": "sha256-uenf8fv2eG5bKM8C/UvFaiJMZ4IpUFaQxk9OH5t/1gA=",
        "owner": "ryantm",
        "repo": "agenix",
        "rev": "e600439ec4c273cf11e06fe4d9d906fb98fa097c",
        "type": "github"
      },
      "original": {
        "owner": "ryantm",
        "repo": "agenix",
        "type": "github"
      }
    },
    "config": {
      "locked": {
        "dir": "example/defaultConfig",
        "lastModified": 1729801154,
        "narHash": "sha256-4zx8zYm+ddExG1+D6Om1V43Y4SsOULUlyEfxAyAZhsM=",
        "owner": "NiklasGollenstede",
        "repo": "nixos-installer",
        "rev": "a937ebf3fcf9953a8b9e47b379639c0aeb08f311",
        "type": "github"
      },
      "original": {
        "dir": "example/defaultConfig",
        "owner": "NiklasGollenstede",
        "repo": "nixos-installer",
        "type": "github"
      }
    },
    "config_2": {
      "locked": {
        "dir": "example/defaultConfig",
        "lastModified": 1734893939,
        "narHash": "sha256-I+kxv/QGeJUcguZoC4BBjjxt106NjCf3P5hfeST7gpI=",
        "owner": "NiklasGollenstede",
        "repo": "nix-wiplib",
        "rev": "de57fc3cc63a154a1c6158676f73a217edceaa43",
        "type": "github"
      },
      "original": {
        "dir": "example/defaultConfig",
        "owner": "NiklasGollenstede",
        "repo": "nix-wiplib",
        "type": "github"
      }
    },
    "functions": {
      "inputs": {
        "nixpkgs": [
          "nixpkgs"
        ]
      },
      "locked": {
        "lastModified": 1740673204,
        "narHash": "sha256-9vqfFQx4PKALOiZqc9VnFbTATc/HgB0RIiCfV4HY2FY=",
        "owner": "NiklasGollenstede",
        "repo": "nix-functions",
        "rev": "5e835c32d2b3efbb7c61eaff3dd54abac7476e87",
        "type": "github"
      },
      "original": {
        "owner": "NiklasGollenstede",
        "repo": "nix-functions",
        "type": "github"
      }
    },
    "installer": {
      "inputs": {
        "config": "config",
        "functions": [
          "functions"
        ],
        "nixpkgs": [
          "nixpkgs"
        ]
      },
      "locked": {
        "lastModified": 1744631742,
        "narHash": "sha256-mvuHZ3p9TOXWk4DEJmGYNKodiExnA6NMTPhMroPP4dI=",
        "owner": "NiklasGollenstede",
        "repo": "nixos-installer",
        "rev": "5f61f370151fd663ff91fa4acb493b71fa351e02",
        "type": "github"
      },
      "original": {
        "owner": "NiklasGollenstede",
        "repo": "nixos-installer",
        "type": "github"
      }
    },
    "nixos-hardware": {
      "locked": {
        "lastModified": 1743420942,
        "narHash": "sha256-b/exDDQSLmENZZgbAEI3qi9yHkuXAXCPbormD8CSJXo=",
        "owner": "NixOS",
        "repo": "nixos-hardware",
        "rev": "de6fc5551121c59c01e2a3d45b277a6d05077bc4",
        "type": "github"
      },
      "original": {
        "owner": "NixOS",
        "ref": "master",
        "repo": "nixos-hardware",
        "type": "github"
      }
    },
    "nixpkgs": {
      "locked": {
        "lastModified": 1704290814,
        "narHash": "sha256-LWvKHp7kGxk/GEtlrGYV68qIvPHkU9iToomNFGagixU=",
        "owner": "NixOS",
        "repo": "nixpkgs",
        "rev": "70bdadeb94ffc8806c0570eb5c2695ad29f0e421",
        "type": "github"
      },
      "original": {
        "owner": "NixOS",
        "ref": "nixos-23.05",
        "repo": "nixpkgs",
        "type": "github"
      }
    },
    "root": {
      "inputs": {
        "functions": "functions",
        "installer": "installer",
        "nixpkgs": "nixpkgs",
        "wiplib": "wiplib"
      }
    },
    "systems": {
      "locked": {
        "lastModified": 1681028828,
        "narHash": "sha256-Vy1rq5AaRuLzOxct8nz4T6wlgyUR7zLU309k9mBC768=",
        "owner": "nix-systems",
        "repo": "default",
        "rev": "da67096a3b9bf56a91d16901293e51ba5b49a27e",
        "type": "github"
      },
      "original": {
        "owner": "nix-systems",
        "repo": "default",
        "type": "github"
      }
    },
    "systems_2": {
      "locked": {
        "lastModified": 1681028828,
        "narHash": "sha256-Vy1rq5AaRuLzOxct8nz4T6wlgyUR7zLU309k9mBC768=",
        "owner": "nix-systems",
        "repo": "default",
        "rev": "da67096a3b9bf56a91d16901293e51ba5b49a27e",
        "type": "github"
      },
      "original": {
        "owner": "nix-systems",
        "repo": "default",
        "type": "github"
      }
    },
    "wiplib": {
      "inputs": {
        "agenix": "agenix",
        "config": "config_2",
        "functions": [
          "functions"
        ],
        "installer": [
          "installer"
        ],
        "nixos-hardware": "nixos-hardware",
        "nixpkgs": [
          "nixpkgs"
        ],
        "systems": "systems_2"
      },
      "locked": {
        "lastModified": 1743714736,
        "narHash": "sha256-fV2+vwKjFOnZfKcEvNRh87DMzgrNLZdI8E9g6bB9gc4=",
        "owner": "NiklasGollenstede",
        "repo": "nix-wiplib",
        "rev": "812b0b8fac7d4d2a12ac8dedbdad0236f3684dae",
        "type": "github"
      },
      "original": {
        "owner": "NiklasGollenstede",
        "repo": "nix-wiplib",
        "type": "github"
      }
    }
  },
  "root": "root",
  "version": 7
}
